<Solution>
  <Folder Name="/aspire/" />
  <Folder Name="/aspire/app-host/">
    <Project Path="aspire/app-host/NexaCommerce.AppHost.csproj" />
  </Folder>
  <Folder Name="/backend/" />
  <Folder Name="/backend/notifications/">
    <Project Path="backend/notifications/NexaCommerce.Notifications.Tests/NexaCommerce.Notifications.Tests.csproj" />
    <Project Path="backend/notifications/NexaCommerce.Notifications/NexaCommerce.Notifications.csproj" />
  </Folder>
  <Folder Name="/backend/product-catalog/">
    <Project Path="backend/product-catalog/NexaCommerce.ProductCatalog.Data/NexaCommerce.ProductCatalog.Data.csproj" />
    <Project Path="backend/product-catalog/NexaCommerce.ProductCatalog.Tests/NexaCommerce.ProductCatalog.Tests.csproj" />
    <Project Path="backend/product-catalog/NexaCommerce.ProductCatalog/NexaCommerce.ProductCatalog.csproj" />
  </Folder>
  <Folder Name="/backend/report-scheduler/">
    <Project Path="backend/report-scheduler/NexaCommerce.ReportScheduler.Data/NexaCommerce.ReportScheduler.Data.csproj" />
    <Project Path="backend/report-scheduler/NexaCommerce.ReportScheduler.Tests/NexaCommerce.ReportScheduler.Tests.csproj" />
    <Project Path="backend/report-scheduler/NexaCommerce.ReportScheduler/NexaCommerce.ReportScheduler.csproj" />
  </Folder>
  <Folder Name="/backend/shared-kernel/">
    <Project Path="backend/shared-kernel/NexaCommerce.SharedKernel/NexaCommerce.SharedKernel.csproj" />
  </Folder>
  <Folder Name="/tests/" />
  <Folder Name="/tests/common/">
    <Project Path="tests/common/NexaCommerce.IntegrationTests.Common/NexaCommerce.IntegrationTests.Common.csproj" />
  </Folder>
  <Folder Name="/tests/e2e/">
    <Project Path="tests/e2e/NexaCommerce.E2E.Tests/NexaCommerce.E2E.Tests.csproj" />
  </Folder>
  <Folder Name="/tests/integration/">
    <Project Path="tests/integration/NexaCommerce.ProductCatalog.IntegrationTests/NexaCommerce.ProductCatalog.IntegrationTests.csproj" />
  </Folder>
</Solution>
