{
  "version": 2,
  "dependencies": {
    "net10.0": {
      "Aspire.Npgsql.EntityFrameworkCore.PostgreSQL": {
        "type": "Direct",
        "requested": "[13.2.0, )",
        "resolved": "13.2.0",
        "contentHash": "2uJWr9nAQWStJX3b+SUX7o6T98pd3RzxdJuLvPHFoeM5YnzTfxC0Ytiv26WhYo1hZDJeV5g7YOxLIvfsNWh1tw==",
        "dependencies": {
          "Microsoft.Extensions.Diagnostics.HealthChecks.EntityFrameworkCore": "10.0.5",
          "Npgsql.DependencyInjection": "10.0.1",
          "Npgsql.EntityFrameworkCore.PostgreSQL": "10.0.0",
          "Npgsql.OpenTelemetry": "10.0.1",
          "OpenTelemetry.Extensions.Hosting": "1.15.0"
        }
      },
      "Riok.Mapperly": {
        "type": "Direct",
        "requested": "[4.3.1, )",
        "resolved": "4.3.1",
        "contentHash": "oSE+OVLHyiojrws0QVbQaAT2YKsYbyHqJXPdV7EhGseR/dYgeWS2x1T5qY5I4E+RJkJqMSG+FyZOq4SljWgJWQ=="
      },
      "AspNetCore.HealthChecks.UI.Core": {
        "type": "Transitive",
        "resolved": "9.0.0",
        "contentHash": "TVriy4hgYnhfqz6NAzv8qe62Q8wf82iKUL6WV9selqeFZTq1ILi39Sic6sFQegRysvAVcnxKP/vY8z9Fk8x6XQ=="
      },
      "AWSSDK.Core": {
        "type": "Transitive",
        "resolved": "3.7.400.15",
        "contentHash": "bl3Z0LoqzKqM5l8wN0mRdaA7RU0fYEsXAXu5Fl5+K3Se6E8QAdsYUr4+uj56DO2ap7OFacycFZ6x/Op9mC+KwQ=="
      },
      "FastEndpoints.Attributes": {
        "type": "Transitive",
        "resolved": "8.1.0",
        "contentHash": "jo2pRdwv/Bs0JE7S3bCUBZWuyX7u3fJylOf985/epr/tSQfuaBCIwx9XouuXcU00H1XdukcDKUzVmPQFeRZuRg=="
      },
      "FastEndpoints.Core": {
        "type": "Transitive",
        "resolved": "8.1.0",
        "contentHash": "z5Ym1UNtHZ87u5ZsTgajeM+anU1Ab3TsKvFTK5taPTqb89seB2raxFcykhOHoQ9o1hN7gVj3epS8R7ZYx47nhg=="
      },
      "FastEndpoints.JobQueues": {
        "type": "Transitive",
        "resolved": "8.1.0",
        "contentHash": "vP+D3+4J35miQ2E5mWjay5PDWSPwmlgjvvWFaptNzq0Csde/ONh8PJ8EDnuJ9uhAkKd6QLgujbRaympBQXBhXg==",
        "dependencies": {
          "FastEndpoints.Messaging": "8.1.0"
        }
      },
      "FastEndpoints.Messaging": {
        "type": "Transitive",
        "resolved": "8.1.0",
        "contentHash": "soymzIpNTRjUbrbHZ+418EhB+KC39xj98EWQo8Q0V793EYrl/qVqTlAlahXhInA75CP9pip0/Hgb79U05hflZA==",
        "dependencies": {
          "FastEndpoints.Core": "8.1.0",
          "FastEndpoints.Messaging.Core": "8.1.0"
        }
      },
      "FastEndpoints.Messaging.Core": {
        "type": "Transitive",
        "resolved": "8.1.0",
        "contentHash": "i3VqYn4b9UjpvXFkcCRXZq5lMzQ13dlLab7BWh/19aVY8pvQT9v643ViCdga47zir7y2twnYOIjRIy9Fln2dWw=="
      },
      "FastExpressionCompiler": {
        "type": "Transitive",
        "resolved": "5.3.0",
        "contentHash": "XRmGW48Gdm7B70WUtTJJUnmuc8jRDmOhhjG/a3rix/nXChnrkETaSvA0j2VrcsH4MNeYLe60LA5o5JABmbneag=="
      },
      "FluentValidation": {
        "type": "Transitive",
        "resolved": "12.1.1",
        "contentHash": "EPpkIe1yh1a0OXyC100oOA8WMbZvqUu5plwhvYcb7oSELfyUZzfxV48BLhvs3kKo4NwG7MGLNgy1RJiYtT8Dpw=="
      },
      "Humanizer.Core": {
        "type": "Transitive",
        "resolved": "2.14.1",
        "contentHash": "lQKvtaTDOXnoVJ20ibTuSIOf2i0uO0MPbDhd1jm238I+U/2ZnRENj0cktKZhtchBMtCUSRQ5v4xBCUbKNmyVMw=="
      },
      "ImTools": {
        "type": "Transitive",
        "resolved": "4.0.0",
        "contentHash": "dms0JfLKC9AQbQX/EdpRjn59EjEvaCxIgv1z9YxbEQb5SiOVoo7vlIKdEySeEwUkWhN05rZnNpUpG+aw5VqPVQ=="
      },
      "JasperFx": {
        "type": "Transitive",
        "resolved": "1.21.3",
        "contentHash": "gRVPfkXd0dqt7jDJP+y1bAJD5fCvY3Aq4C0MmYFt3DR0OrBlQJufVMXJS+p8Fy+vQ3oAzHBA7uHakL16V+4dWA==",
        "dependencies": {
          "FastExpressionCompiler": "5.3.0",
          "ImTools": "4.0.0",
          "Microsoft.Bcl.TimeProvider": "10.0.0",
          "Polly.Core": "8.6.5",
          "Spectre.Console": "0.53.0"
        }
      },
      "JasperFx.Events": {
        "type": "Transitive",
        "resolved": "1.24.1",
        "contentHash": "SsmuFZCutD9NNsZAH7t9Hbrmo6YccxPkf0E5OdQxitxmHx3f/OkNzplGyhEbPwoURcRJzYMCtk2oUkqQjdG6Ew==",
        "dependencies": {
          "JasperFx": "1.21.3"
        }
      },
      "JasperFx.RuntimeCompiler": {
        "type": "Transitive",
        "resolved": "4.4.0",
        "contentHash": "n5dOtQlytGsCfpRyOGDw/qHaqPDd2GcR7pgO53bQto1T82/VZjQdzkfuLQt8vUMY6D+m1TgqUjqedNFDT1+rEQ==",
        "dependencies": {
          "JasperFx": "1.18.0",
          "Microsoft.CodeAnalysis": "5.0.0",
          "Microsoft.CodeAnalysis.CSharp": "5.0.0",
          "Microsoft.CodeAnalysis.Scripting": "5.0.0"
        }
      },
      "Microsoft.Bcl.AsyncInterfaces": {
        "type": "Transitive",
        "resolved": "9.0.0",
        "contentHash": "owmu2Cr3IQ8yQiBleBHlGk8dSQ12oaF2e7TpzwJKEl4m84kkZJjEY1n33L67Y3zM5jPOjmmbdHjbfiL0RqcMRQ=="
      },
      "Microsoft.Bcl.TimeProvider": {
        "type": "Transitive",
        "resolved": "10.0.0",
        "contentHash": "bUubrBD6tRJE3V1kvRloYc6NymH3R5oFKjAS9e0ELNx6u0ZR+zjps9dDQyjgqN/rArzl7f+21KGszj3YRN7F2Q=="
      },
      "Microsoft.CodeAnalysis": {
        "type": "Transitive",
        "resolved": "5.0.0",
        "contentHash": "X7vItpZDkGm4NS2wp4P1S07Z1e61LaBWDW5tPXE1c6z5/x9KbF2RymhAPoYg7Qoiyk7odEZ6EjBEJ47p3dBpYQ==",
        "dependencies": {
          "Humanizer.Core": "2.14.1",
          "Microsoft.Bcl.AsyncInterfaces": "9.0.0",
          "Microsoft.CodeAnalysis.Analyzers": "3.11.0",
          "Microsoft.CodeAnalysis.CSharp.Workspaces": "[5.0.0]",
          "Microsoft.CodeAnalysis.VisualBasic.Workspaces": "[5.0.0]",
          "System.Composition": "9.0.0"
        }
      },
      "Microsoft.CodeAnalysis.Analyzers": {
        "type": "Transitive",
        "resolved": "3.11.0",
        "contentHash": "v/EW3UE8/lbEYHoC2Qq7AR/DnmvpgdtAMndfQNmpuIMx/Mto8L5JnuCfdBYtgvalQOtfNCnxFejxuRrryvUTsg=="
      },
      "Microsoft.CodeAnalysis.CSharp.Scripting": {
        "type": "Transitive",
        "resolved": "5.0.0",
        "contentHash": "1sGloRYbG3743ut/+vuXy9/WaRQTm7mDtp71rBaVSmKpFntvo5Hcro1ubg6/3SeeLtiFYJl7V3Dk0Fo3CGlnHA==",
        "dependencies": {
          "Microsoft.CodeAnalysis.Analyzers": "3.11.0",
          "Microsoft.CodeAnalysis.CSharp": "[5.0.0]",
          "Microsoft.CodeAnalysis.Common": "[5.0.0]",
          "Microsoft.CodeAnalysis.Scripting.Common": "[5.0.0]"
        }
      },
      "Microsoft.CodeAnalysis.CSharp.Workspaces": {
        "type": "Transitive",
        "resolved": "5.0.0",
        "contentHash": "Al/Q8B+yO8odSqGVpSvrShMFDvlQdIBU//F3E6Rb0YdiLSALE9wh/pvozPNnfmh5HDnvU+mkmSjpz4hQO++jaA==",
        "dependencies": {
          "Humanizer.Core": "2.14.1",
          "Microsoft.CodeAnalysis.Analyzers": "3.11.0",
          "Microsoft.CodeAnalysis.CSharp": "[5.0.0]",
          "Microsoft.CodeAnalysis.Common": "[5.0.0]",
          "Microsoft.CodeAnalysis.Workspaces.Common": "[5.0.0]",
          "System.Composition": "9.0.0"
        }
      },
      "Microsoft.CodeAnalysis.Scripting": {
        "type": "Transitive",
        "resolved": "5.0.0",
        "contentHash": "/KgZdm6kRTrR/O2jqXxU5GWREYhtVmqcNWczyPt8hsQkFGFK/C6CrLWfG44FCUn0aPHGDRBHYjXlGosQ/H8oXw==",
        "dependencies": {
          "Microsoft.CodeAnalysis.Analyzers": "3.11.0",
          "Microsoft.CodeAnalysis.CSharp.Scripting": "[5.0.0]"
        }
      },
      "Microsoft.CodeAnalysis.Scripting.Common": {
        "type": "Transitive",
        "resolved": "5.0.0",
        "contentHash": "XTulByMNxqXGCgMeODUoG2h4oK4/nLv1BcawRVcjv+UZHMpoaymtdaq3cJqlNrEvYEcbU48g5swJ3RhY1m3fBg==",
        "dependencies": {
          "Microsoft.CodeAnalysis.Analyzers": "3.11.0",
          "Microsoft.CodeAnalysis.Common": "[5.0.0]"
        }
      },
      "Microsoft.CodeAnalysis.VisualBasic": {
        "type": "Transitive",
        "resolved": "5.0.0",
        "contentHash": "sUBWvHs2HgHGA+b716dgjS7JiXGen5ntyohAurPLR1ZiZzFp3FlnVA7GrMTqVGdVJTVqiC3c4K8k1bk0gj6IPg==",
        "dependencies": {
          "Microsoft.CodeAnalysis.Analyzers": "3.11.0",
          "Microsoft.CodeAnalysis.Common": "[5.0.0]"
        }
      },
      "Microsoft.CodeAnalysis.VisualBasic.Workspaces": {
        "type": "Transitive",
        "resolved": "5.0.0",
        "contentHash": "Nom4UuZVEZGaV6Qa+joJR/BawXZMtflvQJFKc0SaUc3LrZr/8LmRY5cn8mbvLOWIVfwWkQz+cVE6eQKu9qa65g==",
        "dependencies": {
          "Humanizer.Core": "2.14.1",
          "Microsoft.CodeAnalysis.Analyzers": "3.11.0",
          "Microsoft.CodeAnalysis.Common": "[5.0.0]",
          "Microsoft.CodeAnalysis.VisualBasic": "[5.0.0]",
          "Microsoft.CodeAnalysis.Workspaces.Common": "[5.0.0]",
          "System.Composition": "9.0.0"
        }
      },
      "Microsoft.EntityFrameworkCore.Analyzers": {
        "type": "Transitive",
        "resolved": "10.0.5",
        "contentHash": "ipC4u1VojgEfoIZhtbS2Sx5IluJTP/Jf1hz3yGsxGBgSukYY/CquI6rAjxn5H58CZgVn36qcuPPtNMwZ0AUzMg=="
      },
      "Microsoft.Extensions.DependencyModel": {
        "type": "Transitive",
        "resolved": "9.0.0",
        "contentHash": "saxr2XzwgDU77LaQfYFXmddEDRUKHF4DaGMZkNB3qjdVSZlax3//dGJagJkKrGMIPNZs2jVFXITyCCR6UHJNdA=="
      },
      "Microsoft.Extensions.Diagnostics.HealthChecks.EntityFrameworkCore": {
        "type": "Transitive",
        "resolved": "10.0.5",
        "contentHash": "RtNhAwrnZcUZgi3SUMvaDVF405ZtKVR7l/6OHcqFj6JY5nT7QOdBxxULnby9dUQ6Jhnfl7cdDlMjsexfASNyjg==",
        "dependencies": {
          "Microsoft.EntityFrameworkCore.Relational": "10.0.5"
        }
      },
      "Microsoft.IdentityModel.Abstractions": {
        "type": "Transitive",
        "resolved": "8.0.1",
        "contentHash": "OtlIWcyX01olfdevPKZdIPfBEvbcioDyBiE/Z2lHsopsMD7twcKtlN9kMevHmI5IIPhFpfwCIiR6qHQz1WHUIw=="
      },
      "Microsoft.IdentityModel.JsonWebTokens": {
        "type": "Transitive",
        "resolved": "8.0.1",
        "contentHash": "s6++gF9x0rQApQzOBbSyp4jUaAlwm+DroKfL8gdOHxs83k8SJfUXhuc46rDB3rNXBQ1MVRxqKUrqFhO/M0E97g==",
        "dependencies": {
          "Microsoft.IdentityModel.Tokens": "8.0.1"
        }
      },
      "Microsoft.IdentityModel.Logging": {
        "type": "Transitive",
        "resolved": "8.0.1",
        "contentHash": "UCPF2exZqBXe7v/6sGNiM6zCQOUXXQ9+v5VTb9gPB8ZSUPnX53BxlN78v2jsbIvK9Dq4GovQxo23x8JgWvm/Qg==",
        "dependencies": {
          "Microsoft.IdentityModel.Abstractions": "8.0.1"
        }
      },
      "Microsoft.IdentityModel.Protocols": {
        "type": "Transitive",
        "resolved": "8.0.1",
        "contentHash": "uA2vpKqU3I2mBBEaeJAWPTjT9v1TZrGWKdgK6G5qJd03CLx83kdiqO9cmiK8/n1erkHzFBwU/RphP83aAe3i3g==",
        "dependencies": {
          "Microsoft.IdentityModel.Tokens": "8.0.1"
        }
      },
      "Microsoft.IdentityModel.Protocols.OpenIdConnect": {
        "type": "Transitive",
        "resolved": "8.0.1",
        "contentHash": "AQDbfpL+yzuuGhO/mQhKNsp44pm5Jv8/BI4KiFXR7beVGZoSH35zMV3PrmcfvSTsyI6qrcR898NzUauD6SRigg==",
        "dependencies": {
          "Microsoft.IdentityModel.Protocols": "8.0.1",
          "System.IdentityModel.Tokens.Jwt": "8.0.1"
        }
      },
      "Microsoft.IdentityModel.Tokens": {
        "type": "Transitive",
        "resolved": "8.0.1",
        "contentHash": "kDimB6Dkd3nkW2oZPDkMkVHfQt3IDqO5gL0oa8WVy3OP4uE8Ij+8TXnqg9TOd9ufjsY3IDiGz7pCUbnfL18tjg==",
        "dependencies": {
          "Microsoft.IdentityModel.Logging": "8.0.1"
        }
      },
      "Namotion.Reflection": {
        "type": "Transitive",
        "resolved": "3.4.3",
        "contentHash": "KLk2gLR9f8scM82EiL+p9TONXXPy9+IAZVMzJOA/Wsa7soZD7UJGG6j0fq0D9ZoVnBRRnSeEC7kShhRo3Olgaw=="
      },
      "NewId": {
        "type": "Transitive",
        "resolved": "4.0.1",
        "contentHash": "jegBasNndmG21G3BmT51suFDCIz/sLN81j+IxmkZ4iWoaDi8LygeHiyNnYbXz5OQh9nCRJFIx1+PJrlYi1Gc9Q=="
      },
      "Newtonsoft.Json": {
        "type": "Transitive",
        "resolved": "13.0.3",
        "contentHash": "HrC5BXdl00IP9zeV+0Z848QWPAoCr9P3bDEZguI+gkLcBKAOxix/tLEAAHC+UvDNPv4a2d18lOReHMOagPa+zQ=="
      },
      "NJsonSchema": {
        "type": "Transitive",
        "resolved": "11.5.2",
        "contentHash": "CAmnt4tnylb82Ro6f2EFIGz8rmThuCsITECUNqGhVEQ5VvxV+XwsTPz6LF58MbvUEV1jVcH+uxxljgM/etgK7A==",
        "dependencies": {
          "NJsonSchema.Annotations": "11.5.2",
          "Namotion.Reflection": "3.4.3",
          "Newtonsoft.Json": "13.0.3"
        }
      },
      "NJsonSchema.Annotations": {
        "type": "Transitive",
        "resolved": "11.5.2",
        "contentHash": "OfYQgNzJZb1r/gR5vza0DbBLxnmcITDhA5CXFuX1qxuP3rRdQMjbIz5VyDVHCU1QxyrfAymzajbh7iszEvyFGQ=="
      },
      "NJsonSchema.NewtonsoftJson": {
        "type": "Transitive",
        "resolved": "11.5.2",
        "contentHash": "2KuhjeP/E/hqixoKRjKUXD56V8gBkEB51gdbTU2gN2AeabCG4gW5YsAUl+ZumFgj0cbEJ7GKdl9IBdeZaLxiTA==",
        "dependencies": {
          "NJsonSchema": "11.5.2",
          "Newtonsoft.Json": "13.0.3"
        }
      },
      "NJsonSchema.Yaml": {
        "type": "Transitive",
        "resolved": "11.5.2",
        "contentHash": "1H835IiOxO5tpqpTN4Ibs0qymHbobHoYr+2K3ZdUVpzwlFDgaGflKmKT+7Hj4cBxKBsNs+MxTeCOEeM+PN1VRw==",
        "dependencies": {
          "NJsonSchema": "11.5.2",
          "YamlDotNet": "16.3.0"
        }
      },
      "Npgsql.DependencyInjection": {
        "type": "Transitive",
        "resolved": "10.0.1",
        "contentHash": "YHFa4vD27sNIfv6s5q8Zi1fLvKfmK1xcpMv0PUvXOxDFbRmuMRSHwpZTbPvsAlj97q1/o7DfyynLqfqrCm1VnA==",
        "dependencies": {
          "Npgsql": "10.0.1"
        }
      },
      "Npgsql.OpenTelemetry": {
        "type": "Transitive",
        "resolved": "10.0.1",
        "contentHash": "G9fEIBaHggZXWfDSDnKLc0XwKcbuU6i2eXp7zDqpgYxbhCmIN9fRgaSOGyyMNHSo/yY1IB4G4CjW5VO/SKRR0g==",
        "dependencies": {
          "Npgsql": "10.0.1",
          "OpenTelemetry.API": "1.14.0"
        }
      },
      "NSwag.Annotations": {
        "type": "Transitive",
        "resolved": "14.6.3",
        "contentHash": "ZAmmjFF6ieW7D7bS7ViIcFZ6Sq77NxAZbvIOypsB8EVRnZMdcr+Rn/sVaVDwPi3YtZJBydSAMNsYDdluhy0ayA=="
      },
      "NSwag.AspNetCore": {
        "type": "Transitive",
        "resolved": "14.6.3",
        "contentHash": "rKhVvcmhDdI91RBntyzzO/Tjfeo4dh1zkO2UaG3R7wWp40GUK+RzZJpY4NjwuawsG+PPEWCDCKEgJL8BNo3R3A==",
        "dependencies": {
          "NJsonSchema": "11.5.2",
          "NJsonSchema.NewtonsoftJson": "11.5.2",
          "NJsonSchema.Yaml": "11.5.2",
          "NSwag.Annotations": "14.6.3",
          "NSwag.Core.Yaml": "14.6.3",
          "NSwag.Generation.AspNetCore": "14.6.3",
          "Namotion.Reflection": "3.4.3",
          "Newtonsoft.Json": "13.0.3"
        }
      },
      "NSwag.Core": {
        "type": "Transitive",
        "resolved": "14.6.3",
        "contentHash": "TrX5mbmuoOIUaOs/77Rohu0xir4nKjAVHmVsct7wmnsAI6b0HOYEM9eH9km0VbcNKj0baNQ7qYSKH6KXMkkz0Q==",
        "dependencies": {
          "NJsonSchema": "11.5.2",
          "Namotion.Reflection": "3.4.3",
          "Newtonsoft.Json": "13.0.3"
        }
      },
      "NSwag.Core.Yaml": {
        "type": "Transitive",
        "resolved": "14.6.3",
        "contentHash": "/XVgHvtFaJiGElFG1Wuk9N4AwKzmrD8udUKymDQPoqtvg5L0nSeZsnlRgKwPJq/4vquN51AIGWqB8iK4O3YRHg==",
        "dependencies": {
          "NJsonSchema": "11.5.2",
          "NJsonSchema.Yaml": "11.5.2",
          "NSwag.Core": "14.6.3",
          "Namotion.Reflection": "3.4.3",
          "Newtonsoft.Json": "13.0.3"
        }
      },
      "NSwag.Generation": {
        "type": "Transitive",
        "resolved": "14.6.3",
        "contentHash": "PMeOxbdL9XaSgPN2eZfb9gv1fHEtqMujaXCR/EL2A8JNVicCNZH73iy/IKuhNrTstZdzHp0XMYz1vbIvUKiWvQ==",
        "dependencies": {
          "NJsonSchema": "11.5.2",
          "NJsonSchema.NewtonsoftJson": "11.5.2",
          "NSwag.Core": "14.6.3",
          "Namotion.Reflection": "3.4.3",
          "Newtonsoft.Json": "13.0.3"
        }
      },
      "NSwag.Generation.AspNetCore": {
        "type": "Transitive",
        "resolved": "14.6.3",
        "contentHash": "h3A6dekJz95mjLVREa0PHejNTipzZlslqGXttruMJdEBRtxqDOVe3osNllXszAF2kA5JKL8hByNlySIr6aI7MQ==",
        "dependencies": {
          "NJsonSchema": "11.5.2",
          "NJsonSchema.NewtonsoftJson": "11.5.2",
          "NSwag.Generation": "14.6.3",
          "Namotion.Reflection": "3.4.3",
          "Newtonsoft.Json": "13.0.3"
        }
      },
      "OpenTelemetry": {
        "type": "Transitive",
        "resolved": "1.15.3",
        "contentHash": "N0i6WjPoHPbZyms1ugbDIFAJFuGlpeExJMU/+XSL0lQRUkg/D0utFkDoLXf8Z1km5B+xVZ2GyMXXiX8qdeNmPg==",
        "dependencies": {
          "OpenTelemetry.Api.ProviderBuilderExtensions": "1.15.3"
        }
      },
      "OpenTelemetry.Api": {
        "type": "Transitive",
        "resolved": "1.15.3",
        "contentHash": "fX+fkCysfPut+qCcT3bKqyX4QN9Saf4CgX8HLOHywEVD+Xr7sULtfuypITpoDysjx8R59dn/3mWhgimMH8cm/g=="
      },
      "OpenTelemetry.Api.ProviderBuilderExtensions": {
        "type": "Transitive",
        "resolved": "1.15.3",
        "contentHash": "SYn0lqYDwLMWhv/zlNGsQcl2yX++yTumanX46bmOZE/ZDOd1WjPBO2kZaZgKLEZTZk48pavIFGJ6vOvxXgWVFQ==",
        "dependencies": {
          "OpenTelemetry.Api": "1.15.3"
        }
      },
      "Polly.Core": {
        "type": "Transitive",
        "resolved": "8.6.5",
        "contentHash": "t+sUVrIwvo7UmsgHGgOG9F0GDZSRIm47u2ylH17Gvcv1q5hNEwgD5GoBlFyc0kh/pebmPyrAgvGsR/65ZBaXlg=="
      },
      "Serilog": {
        "type": "Transitive",
        "resolved": "4.2.0",
        "contentHash": "gmoWVOvKgbME8TYR+gwMf7osROiWAURterc6Rt2dQyX7wtjZYpqFiA/pY6ztjGQKKV62GGCyOcmtP1UKMHgSmA=="
      },
      "Serilog.Extensions.Hosting": {
        "type": "Transitive",
        "resolved": "9.0.0",
        "contentHash": "u2TRxuxbjvTAldQn7uaAwePkWxTHIqlgjelekBtilAGL5sYyF3+65NWctN4UrwwGLsDC7c3Vz3HnOlu+PcoxXg==",
        "dependencies": {
          "Serilog": "4.2.0",
          "Serilog.Extensions.Logging": "9.0.0"
        }
      },
      "Serilog.Extensions.Logging": {
        "type": "Transitive",
        "resolved": "9.0.0",
        "contentHash": "NwSSYqPJeKNzl5AuXVHpGbr6PkZJFlNa14CdIebVjK3k/76kYj/mz5kiTRNVSsSaxM8kAIa1kpy/qyT9E4npRQ==",
        "dependencies": {
          "Serilog": "4.2.0"
        }
      },
      "Serilog.Formatting.Compact": {
        "type": "Transitive",
        "resolved": "3.0.0",
        "contentHash": "wQsv14w9cqlfB5FX2MZpNsTawckN4a8dryuNGbebB/3Nh1pXnROHZov3swtu3Nj5oNG7Ba+xdu7Et/ulAUPanQ==",
        "dependencies": {
          "Serilog": "4.0.0"
        }
      },
      "Serilog.Settings.Configuration": {
        "type": "Transitive",
        "resolved": "9.0.0",
        "contentHash": "4/Et4Cqwa+F88l5SeFeNZ4c4Z6dEAIKbu3MaQb2Zz9F/g27T5a3wvfMcmCOaAiACjfUb4A6wrlTVfyYUZk3RRQ==",
        "dependencies": {
          "Microsoft.Extensions.DependencyModel": "9.0.0",
          "Serilog": "4.2.0"
        }
      },
      "Serilog.Sinks.Debug": {
        "type": "Transitive",
        "resolved": "3.0.0",
        "contentHash": "4BzXcdrgRX7wde9PmHuYd9U6YqycCC28hhpKonK7hx0wb19eiuRj16fPcPSVp0o/Y1ipJuNLYQ00R3q2Zs8FDA==",
        "dependencies": {
          "Serilog": "4.0.0"
        }
      },
      "Serilog.Sinks.File": {
        "type": "Transitive",
        "resolved": "6.0.0",
        "contentHash": "lxjg89Y8gJMmFxVkbZ+qDgjl+T4yC5F7WSLTvA+5q0R04tfKVLRL/EHpYoJ/MEQd2EeCKDuylBIVnAYMotmh2A==",
        "dependencies": {
          "Serilog": "4.0.0"
        }
      },
      "Spectre.Console": {
        "type": "Transitive",
        "resolved": "0.53.0",
        "contentHash": "m2iv8Egfywp7FaNLKCmCFHbSf36D4ctzZKvlAK9NXMyGLh6L+CnrZWK8o+LOYsoAS1jtoHn0W1BT0W8vuq/FUw=="
      },
      "System.Composition": {
        "type": "Transitive",
        "resolved": "9.0.0",
        "contentHash": "3Djj70fFTraOarSKmRnmRy/zm4YurICm+kiCtI0dYRqGJnLX6nJ+G3WYuFJ173cAPax/gh96REcbNiVqcrypFQ==",
        "dependencies": {
          "System.Composition.AttributedModel": "9.0.0",
          "System.Composition.Convention": "9.0.0",
          "System.Composition.Hosting": "9.0.0",
          "System.Composition.Runtime": "9.0.0",
          "System.Composition.TypedParts": "9.0.0"
        }
      },
      "System.Composition.AttributedModel": {
        "type": "Transitive",
        "resolved": "9.0.0",
        "contentHash": "iri00l/zIX9g4lHMY+Nz0qV1n40+jFYAmgsaiNn16xvt2RDwlqByNG4wgblagnDYxm3YSQQ0jLlC/7Xlk9CzyA=="
      },
      "System.Composition.Convention": {
        "type": "Transitive",
        "resolved": "9.0.0",
        "contentHash": "+vuqVP6xpi582XIjJi6OCsIxuoTZfR0M7WWufk3uGDeCl3wGW6KnpylUJ3iiXdPByPE0vR5TjJgR6hDLez4FQg==",
        "dependencies": {
          "System.Composition.AttributedModel": "9.0.0"
        }
      },
      "System.Composition.Hosting": {
        "type": "Transitive",
        "resolved": "9.0.0",
        "contentHash": "OFqSeFeJYr7kHxDfaViGM1ymk7d4JxK//VSoNF9Ux0gpqkLsauDZpu89kTHHNdCWfSljbFcvAafGyBoY094btQ==",
        "dependencies": {
          "System.Composition.Runtime": "9.0.0"
        }
      },
      "System.Composition.Runtime": {
        "type": "Transitive",
        "resolved": "9.0.0",
        "contentHash": "w1HOlQY1zsOWYussjFGZCEYF2UZXgvoYnS94NIu2CBnAGMbXFAX8PY8c92KwUItPmowal68jnVLBCzdrWLeEKA=="
      },
      "System.Composition.TypedParts": {
        "type": "Transitive",
        "resolved": "9.0.0",
        "contentHash": "aRZlojCCGEHDKqh43jaDgaVpYETsgd7Nx4g1zwLKMtv4iTo0627715ajEFNpEEBTgLmvZuv8K0EVxc3sM4NWJA==",
        "dependencies": {
          "System.Composition.AttributedModel": "9.0.0",
          "System.Composition.Hosting": "9.0.0",
          "System.Composition.Runtime": "9.0.0"
        }
      },
      "YamlDotNet": {
        "type": "Transitive",
        "resolved": "16.3.0",
        "contentHash": "SgMOdxbz8X65z8hraIs6hOEdnkH6hESTAIUa7viEngHOYaH+6q5XJmwr1+yb9vJpNQ19hCQY69xbFsLtXpobQA=="
      },
      "nexacommerce.productcatalog.data": {
        "type": "Project",
        "dependencies": {
          "Microsoft.EntityFrameworkCore": "[10.0.5, )",
          "Microsoft.EntityFrameworkCore.Relational": "[10.0.5, )",
          "Npgsql.EntityFrameworkCore.PostgreSQL": "[10.0.1, )"
        }
      },
      "nexacommerce.sharedkernel": {
        "type": "Project",
        "dependencies": {
          "AWSSDK.S3": "[3.7.402.6, )",
          "Ardalis.Result": "[10.1.0, )",
          "AspNetCore.HealthChecks.UI.Client": "[9.0.0, )",
          "FastEndpoints": "[8.1.0, )",
          "FastEndpoints.Swagger": "[8.1.0, )",
          "Microsoft.AspNetCore.Authentication.JwtBearer": "[10.0.5, )",
          "Microsoft.EntityFrameworkCore": "[10.0.5, )",
          "Microsoft.EntityFrameworkCore.Relational": "[10.0.5, )",
          "OpenTelemetry.Exporter.Console": "[1.15.3, )",
          "OpenTelemetry.Exporter.OpenTelemetryProtocol": "[1.15.3, )",
          "OpenTelemetry.Extensions.Hosting": "[1.15.3, )",
          "OpenTelemetry.Instrumentation.AspNetCore": "[1.15.2, )",
          "OpenTelemetry.Instrumentation.Http": "[1.15.1, )",
          "Serilog.AspNetCore": "[9.0.0, )",
          "Serilog.Sinks.Console": "[6.0.0, )",
          "WolverineFx": "[5.24.0, )"
        }
      },
      "Ardalis.Result": {
        "type": "CentralTransitive",
        "requested": "[10.1.0, )",
        "resolved": "10.1.0",
        "contentHash": "+WgsXh+JRm0d8BZPlBUc5w0+FTda4vbWRa/IF2q4zDoRsU5BXr8w4rTbYEklZIMNgQQZTcNouR/QfBV5I/4XYQ=="
      },
      "AspNetCore.HealthChecks.UI.Client": {
        "type": "CentralTransitive",
        "requested": "[9.0.0, )",
        "resolved": "9.0.0",
        "contentHash": "1Ub3Wvvbz7CMuFNWgLEc9qqQibiMoovDML/WHrwr5J83RPgtI20giCR92s/ipLgu7IIuqw+W/y7WpIeHqAICxg==",
        "dependencies": {
          "AspNetCore.HealthChecks.UI.Core": "9.0.0"
        }
      },
      "AWSSDK.S3": {
        "type": "CentralTransitive",
        "requested": "[3.7.402.6, )",
        "resolved": "3.7.402.6",
        "contentHash": "scw3W/t2KUzh6Rg7V0bwgn7yQ5VJIZTKUTh0ZuMLFYlcDlKXfbYtPt/KxbUuPj7ynfkRE2O/jzRRmX4faRogZQ==",
        "dependencies": {
          "AWSSDK.Core": "[3.7.400.15, 4.0.0)"
        }
      },
      "FastEndpoints": {
        "type": "CentralTransitive",
        "requested": "[8.1.0, )",
        "resolved": "8.1.0",
        "contentHash": "LGppBQ5tUTdZNXA9/zTI5zIrd9Nup5O5ASVU7YxKDD56aU8pK5+sxAcd5ud8bmjlw4t97vCzfNU0wW7/7XFodw==",
        "dependencies": {
          "FastEndpoints.Attributes": "8.1.0",
          "FastEndpoints.JobQueues": "8.1.0",
          "FastEndpoints.Messaging": "8.1.0",
          "FluentValidation": "12.1.1"
        }
      },
      "FastEndpoints.Swagger": {
        "type": "CentralTransitive",
        "requested": "[8.1.0, )",
        "resolved": "8.1.0",
        "contentHash": "J0PLiqtzJzRArxfT9juncvtYbW/bOHfVuAf0Cqz9FhMxJsNyKuVtG9NLxW9lpChEY1yDSaiM5qwzCvxa6Y0Oow==",
        "dependencies": {
          "FastEndpoints": "8.1.0",
          "NSwag.AspNetCore": "14.6.3"
        }
      },
      "Microsoft.AspNetCore.Authentication.JwtBearer": {
        "type": "CentralTransitive",
        "requested": "[10.0.5, )",
        "resolved": "10.0.5",
        "contentHash": "fZzXogChrwQ/SfifQJgeW7AtR8hUv5+LH9oLWjm5OqfnVt3N8MwcMHHMdawvqqdjP79lIZgetnSpj77BLsSI1g==",
        "dependencies": {
          "Microsoft.IdentityModel.Protocols.OpenIdConnect": "8.0.1"
        }
      },
      "Microsoft.CodeAnalysis.Common": {
        "type": "CentralTransitive",
        "requested": "[5.0.0, )",
        "resolved": "5.0.0",
        "contentHash": "ZXRAdvH6GiDeHRyd3q/km8Z44RoM6FBWHd+gen/la81mVnAdHTEsEkO5J0TCNXBymAcx5UYKt5TvgKBhaLJEow==",
        "dependencies": {
          "Microsoft.CodeAnalysis.Analyzers": "3.11.0"
        }
      },
      "Microsoft.CodeAnalysis.CSharp": {
        "type": "CentralTransitive",
        "requested": "[5.0.0, )",
        "resolved": "5.0.0",
        "contentHash": "5DSyJ9bk+ATuDy7fp2Zt0mJStDVKbBoiz1DyfAwSa+k4H4IwykAUcV3URelw5b8/iVbfSaOwkwmPUZH6opZKCw==",
        "dependencies": {
          "Microsoft.CodeAnalysis.Analyzers": "3.11.0",
          "Microsoft.CodeAnalysis.Common": "[5.0.0]"
        }
      },
      "Microsoft.CodeAnalysis.Workspaces.Common": {
        "type": "CentralTransitive",
        "requested": "[5.0.0, )",
        "resolved": "5.0.0",
        "contentHash": "ZbUmIvT6lqTNKiv06Jl5wf0MTMi1vQ1oH7ou4CLcs2C/no/L7EhP3T8y3XXvn9VbqMcJaJnEsNA1jwYUMgc5jg==",
        "dependencies": {
          "Humanizer.Core": "2.14.1",
          "Microsoft.CodeAnalysis.Analyzers": "3.11.0",
          "Microsoft.CodeAnalysis.Common": "[5.0.0]",
          "System.Composition": "9.0.0"
        }
      },
      "Microsoft.EntityFrameworkCore": {
        "type": "CentralTransitive",
        "requested": "[10.0.5, )",
        "resolved": "10.0.5",
        "contentHash": "9tNBmK3EpYVGRQLiqP+bqK2m+TD0Gv//4vCzR7ZOgl4FWzCFyOpYdIVka13M4kcBdPdSJcs3wbHr3rmzOqbIMA==",
        "dependencies": {
          "Microsoft.EntityFrameworkCore.Abstractions": "10.0.5",
          "Microsoft.EntityFrameworkCore.Analyzers": "10.0.5"
        }
      },
      "Microsoft.EntityFrameworkCore.Abstractions": {
        "type": "CentralTransitive",
        "requested": "[10.0.5, )",
        "resolved": "10.0.5",
        "contentHash": "32c58Rnm47Qvhimawf67KO9PytgPz3QoWye7Abapt0Yocw/JnzMiSNj/pRoIKyn8Jxypkv86zxKD4Q/zNTc0Ag=="
      },
      "Microsoft.EntityFrameworkCore.Relational": {
        "type": "CentralTransitive",
        "requested": "[10.0.5, )",
        "resolved": "10.0.5",
        "contentHash": "uxmFjZEAB/KbsgWFSS4lLqkEHCfXxB2x0UcbiO4e5fCRpFFeTMSx/me6009nYJLu5IKlDwO1POh++P6RilFTDw==",
        "dependencies": {
          "Microsoft.EntityFrameworkCore": "10.0.5"
        }
      },
      "Npgsql": {
        "type": "CentralTransitive",
        "requested": "[10.0.2, )",
        "resolved": "10.0.2",
        "contentHash": "q5RfBI+wywJSFUNDE1L4ZbHEHCFTblo8Uf6A6oe4feOUFYiUQXyAf9GBh5qEZpvJaHiEbpBPkQumjEhXCJxdrg=="
      },
      "Npgsql.EntityFrameworkCore.PostgreSQL": {
        "type": "CentralTransitive",
        "requested": "[10.0.1, )",
        "resolved": "10.0.1",
        "contentHash": "P6EwH0Q4xkaA264iNZDqCPhWt8pscfUGxXazDQg4noBfqjoOlk4hKWfvBjF9ZX3R/9JybRmmJfmxr2iBMj0EpA==",
        "dependencies": {
          "Microsoft.EntityFrameworkCore": "[10.0.4, 11.0.0)",
          "Microsoft.EntityFrameworkCore.Relational": "[10.0.4, 11.0.0)",
          "Npgsql": "10.0.2"
        }
      },
      "OpenTelemetry.Exporter.Console": {
        "type": "CentralTransitive",
        "requested": "[1.15.3, )",
        "resolved": "1.15.3",
        "contentHash": "QBGOoPwLHDXX+hXeUpspOjsqEn4vMkLw672QN+MzVWFBzjf625DdxLxhzowS1J/dRtW93U34rRbJec+4808fkg==",
        "dependencies": {
          "OpenTelemetry": "1.15.3"
        }
      },
      "OpenTelemetry.Exporter.OpenTelemetryProtocol": {
        "type": "CentralTransitive",
        "requested": "[1.15.3, )",
        "resolved": "1.15.3",
        "contentHash": "FEXJepcseTGbATiCkUfP7ipoFEYYfl/0UmmUwi0KxCPg9PaUA8ab2P1LGopK+/HExasJ1ZutFhZrN6WvUIR23g==",
        "dependencies": {
          "OpenTelemetry": "1.15.3"
        }
      },
      "OpenTelemetry.Extensions.Hosting": {
        "type": "CentralTransitive",
        "requested": "[1.15.3, )",
        "resolved": "1.15.3",
        "contentHash": "u8n/W8yIlqv0BXZmvId1iVaeWXG42tGKdTkuLYg5g57Y/r9CeUNzqtrSHNdG5IoO8iPX79w3v+WsbAHgUQbfeg==",
        "dependencies": {
          "OpenTelemetry": "1.15.3"
        }
      },
      "OpenTelemetry.Instrumentation.AspNetCore": {
        "type": "CentralTransitive",
        "requested": "[1.15.2, )",
        "resolved": "1.15.2",
        "contentHash": "2nPd7r0ug/gd6/CNFL6Rlu+RSQ9WYGSGHAYQ1ssbSqyzKJpqTunfx2I/1O0WB5k+L0cyXbG4XVZpoSoUc3M7wg==",
        "dependencies": {
          "OpenTelemetry.Api.ProviderBuilderExtensions": "[1.15.3, 2.0.0)"
        }
      },
      "OpenTelemetry.Instrumentation.Http": {
        "type": "CentralTransitive",
        "requested": "[1.15.1, )",
        "resolved": "1.15.1",
        "contentHash": "vFO4Fj/dXkoVNGo/nhoGpO2zYQmZwr4jTID7oRGo+XlQ8LqksyZjUXQ4p39RfUvTID7IzzL8Qe71tW7CcAFymA==",
        "dependencies": {
          "OpenTelemetry.Api.ProviderBuilderExtensions": "[1.15.3, 2.0.0)"
        }
      },
      "Serilog.AspNetCore": {
        "type": "CentralTransitive",
        "requested": "[9.0.0, )",
        "resolved": "9.0.0",
        "contentHash": "JslDajPlBsn3Pww1554flJFTqROvK9zz9jONNQgn0D8Lx2Trw8L0A8/n6zEQK1DAZWXrJwiVLw8cnTR3YFuYsg==",
        "dependencies": {
          "Serilog": "4.2.0",
          "Serilog.Extensions.Hosting": "9.0.0",
          "Serilog.Formatting.Compact": "3.0.0",
          "Serilog.Settings.Configuration": "9.0.0",
          "Serilog.Sinks.Console": "6.0.0",
          "Serilog.Sinks.Debug": "3.0.0",
          "Serilog.Sinks.File": "6.0.0"
        }
      },
      "Serilog.Sinks.Console": {
        "type": "CentralTransitive",
        "requested": "[6.0.0, )",
        "resolved": "6.0.0",
        "contentHash": "fQGWqVMClCP2yEyTXPIinSr5c+CBGUvBybPxjAGcf7ctDhadFhrQw03Mv8rJ07/wR5PDfFjewf2LimvXCDzpbA==",
        "dependencies": {
          "Serilog": "4.0.0"
        }
      },
      "System.IdentityModel.Tokens.Jwt": {
        "type": "CentralTransitive",
        "requested": "[8.17.0, )",
        "resolved": "8.0.1",
        "contentHash": "GJw3bYkWpOgvN3tJo5X4lYUeIFA2HD293FPUhKmp7qxS+g5ywAb34Dnd3cDAFLkcMohy5XTpoaZ4uAHuw0uSPQ==",
        "dependencies": {
          "Microsoft.IdentityModel.JsonWebTokens": "8.0.1",
          "Microsoft.IdentityModel.Tokens": "8.0.1"
        }
      },
      "WolverineFx": {
        "type": "CentralTransitive",
        "requested": "[5.24.0, )",
        "resolved": "5.24.0",
        "contentHash": "ZHzuuMMT7hwsctvIko2U24Oi0as16NmgVIF+ZF5BgasZVGivJUq/iHdUzqbpe9XC/8Vm3gQXruHAQXxF+yzCwA==",
        "dependencies": {
          "JasperFx": "1.21.3",
          "JasperFx.Events": "1.24.1",
          "JasperFx.RuntimeCompiler": "4.4.0",
          "NewId": "4.0.1",
          "Newtonsoft.Json": "13.0.3"
        }
      }
    }
  }
}